<?xml version="1.0" encoding="UTF-8" standalone="yes" ?>
<CodeBlocks_project_file>
	<FileVersion major="1" minor="6" />
	<Project>
		<Option title="iCrop" />
		<Option makefile_is_custom="1" />
		<Option execution_dir="src/logic" />
		<Option pch_mode="2" />
		<Option compiler="gcc" />
		<Build>
			<Target title="Debug">
				<Option output="bin/Debug/iCrop" prefix_auto="1" extension_auto="1" />
				<Option object_output="obj/Debug/" />
				<Option type="1" />
				<Option compiler="gcc" />
				<Compiler>
					<Add option="-g" />
				</Compiler>
				<MakeCommands>
					<Build command="$make -f $makefile all" />
					<CompileFile command="$make -f $makefile $file" />
					<Clean command="$make -f $makefile clean$target" />
					<DistClean command="$make -f $makefile distclean$target" />
					<AskRebuildNeeded command="$make -q -f $makefile $target" />
					<SilentBuild command="$make -f $makefile all &gt; $(CMD_NULL)" />
				</MakeCommands>
			</Target>
			<Target title="Release">
				<Option output="bin/Release/iCrop" prefix_auto="1" extension_auto="1" />
				<Option object_output="obj/Release/" />
				<Option type="1" />
				<Option compiler="gcc" />
				<Compiler>
					<Add option="-O2" />
				</Compiler>
				<Linker>
					<Add option="-s" />
				</Linker>
			</Target>
		</Build>
		<Compiler>
			<Add option="-Wall" />
		</Compiler>
		<Unit filename="src/logic/Makefile" />
		<Unit filename="src/logic/hTable.c">
			<Option compilerVar="CC" />
		</Unit>
		<Unit filename="src/logic/hTable.h" />
		<Unit filename="src/logic/http.c">
			<Option compilerVar="CC" />
		</Unit>
		<Unit filename="src/logic/http.h" />
		<Unit filename="src/logic/httpParser.c">
			<Option compilerVar="CC" />
		</Unit>
		<Unit filename="src/logic/httpParser.h" />
		<Unit filename="src/logic/ll.c">
			<Option compilerVar="CC" />
		</Unit>
		<Unit filename="src/logic/ll.h" />
		<Unit filename="src/logic/logger.c">
			<Option compilerVar="CPP" />
			<Option compile="0" />
			<Option link="0" />
		</Unit>
		<Unit filename="src/logic/logger.h" />
		<Unit filename="src/logic/main.c">
			<Option compilerVar="CC" />
		</Unit>
		<Extensions>
			<lib_finder disable_auto="1" />
		</Extensions>
	</Project>
</CodeBlocks_project_file>
